{
    "_meta": {
        "hash": {
            "sha256": "9d7877ea3036acfb8a24a2035fc61a1f7d2736ce63e8fab120a43ec40ceadef3"
        },
        "pipfile-spec": 6,
        "requires": {
            "python_version": "3.7"
        },
        "sources": [
            {
                "name": "pypi",
                "url": "https://pypi.org/simple",
                "verify_ssl": true
            }
        ]
    },
    "default": {
        "cefpython3": {
            "hashes": [
                "sha256:3ff46d8a1aadc1498e60eb451c4ec943aa0f66574617556cc977ed918abab76d",
                "sha256:8e3b5491b6bffa000af56339db00d478912dc73bdb3714ed9cd3352ca6d1fbc4",
                "sha256:9b8018c3b5aee260c755e0e0691be04f60ed10389e7eeea44f40ba9a3b0b410e",
                "sha256:b0a23d5a04605e817c1b9f2135c6702f015e748f55b9ad47f7314232b31e12e2",
                "sha256:b643f94d4fcf88bcea49a205ea9ff3f206b1422d5e0ce9fa5b193971c5a0e52b"
            ],
            "index": "pypi",
            "version": "==66.0"
        },
        "pythonnet": {
            "hashes": [
                "sha256:0bc4dfe352ab97ee6f00f13ff5b70ce5ba67576913a523cc4ec6e3fdaadf83fd",
                "sha256:1e380e7735b047258da469e36e122d1e0a13f79b4b4902b852a0dc626c0ceb0a",
                "sha256:38fdb7f5f2e1889175b7d88c64adc902e537d7d646cdc88ee7c0389bb1fdfd34",
                "sha256:6483dba7db4053da0cb4fdfa3580fed34623ac9100c3d0ce90e7688dc5d3ac47",
                "sha256:7be226daafc2d40b30cb80a16e298460bd68f3484d8c7fce1ff82f4f35cda321",
                "sha256:878e27a1a34ebf6b7a160abd1269d75a4fbebf5323e02679ed8226c0ad5fbf10",
                "sha256:a3a38e67fdfcda94df51c805343150016097f284771156f76839a9c3a24c90a9",
                "sha256:e1b3f5d87996302557d876c582590438f71ffe6b7076e79865c6afd57adf476c",
                "sha256:f16af543895fbaadfc593b9c436bf1a2c0e32329f80401aefc316a52e8f9bd18"
            ],
            "index": "pypi",
            "version": "==2.4.0"
        },
        "pywebview": {
            "editable": true,
            "path": "D:/Desarrollo/git/UpStream/python/pywebview"
        }
    },
    "develop": {}
}
